
Microsoft Visual Studio Solution File, Format Version 12.00
# Visual Studio Version 17
VisualStudioVersion = 17.14.36310.24
MinimumVisualStudioVersion = 10.0.40219.1
Project("{FAE04EC0-301F-11D3-BF4B-00C04F79EFBC}") = "Starter.AspNet.MVC", "src\Starter.AspNet.MVC\Starter.AspNet.MVC.csproj", "{24946372-B764-15AF-3B4E-F3F1294E5A7E}"
EndProject
Project("{FAE04EC0-301F-11D3-BF4B-00C04F79EFBC}") = "Startup.Business", "src\Startup.Business\Startup.Business.csproj", "{1149837D-89F1-8471-7639-8653E6A8120A}"
EndProject
Project("{FAE04EC0-301F-11D3-BF4B-00C04F79EFBC}") = "Startup.Common", "src\Startup.Common\Startup.Common.csproj", "{7B0A3D09-14A7-E805-2D58-7CEBED6EC628}"
EndProject
Project("{FAE04EC0-301F-11D3-BF4B-00C04F79EFBC}") = "Startup.Data", "src\Startup.Data\Startup.Data.csproj", "{156C84EF-2697-DCCB-2487-4349C468476E}"
EndProject
Project("{00D1A9C2-B5F0-4AF3-8072-F6C62B433612}") = "Database.Example", "src\Startup.Example.Db\Database.Example.sqlproj", "{14A007F4-DA3C-495D-B5CB-5C246645AEEA}"
EndProject
Global
	GlobalSection(SolutionConfigurationPlatforms) = preSolution
		Debug|Any CPU = Debug|Any CPU
		Development|Any CPU = Development|Any CPU
		Production|Any CPU = Production|Any CPU
		Release|Any CPU = Release|Any CPU
		Staging|Any CPU = Staging|Any CPU
	EndGlobalSection
	GlobalSection(ProjectConfigurationPlatforms) = postSolution
		{24946372-B764-15AF-3B4E-F3F1294E5A7E}.Debug|Any CPU.ActiveCfg = Debug|Any CPU
		{24946372-B764-15AF-3B4E-F3F1294E5A7E}.Debug|Any CPU.Build.0 = Debug|Any CPU
		{24946372-B764-15AF-3B4E-F3F1294E5A7E}.Development|Any CPU.ActiveCfg = Development|Any CPU
		{24946372-B764-15AF-3B4E-F3F1294E5A7E}.Development|Any CPU.Build.0 = Development|Any CPU
		{24946372-B764-15AF-3B4E-F3F1294E5A7E}.Production|Any CPU.ActiveCfg = Production|Any CPU
		{24946372-B764-15AF-3B4E-F3F1294E5A7E}.Production|Any CPU.Build.0 = Production|Any CPU
		{24946372-B764-15AF-3B4E-F3F1294E5A7E}.Release|Any CPU.ActiveCfg = Release|Any CPU
		{24946372-B764-15AF-3B4E-F3F1294E5A7E}.Release|Any CPU.Build.0 = Release|Any CPU
		{24946372-B764-15AF-3B4E-F3F1294E5A7E}.Staging|Any CPU.ActiveCfg = Staging|Any CPU
		{24946372-B764-15AF-3B4E-F3F1294E5A7E}.Staging|Any CPU.Build.0 = Staging|Any CPU
		{1149837D-89F1-8471-7639-8653E6A8120A}.Debug|Any CPU.ActiveCfg = Debug|Any CPU
		{1149837D-89F1-8471-7639-8653E6A8120A}.Debug|Any CPU.Build.0 = Debug|Any CPU
		{1149837D-89F1-8471-7639-8653E6A8120A}.Development|Any CPU.ActiveCfg = Development|Any CPU
		{1149837D-89F1-8471-7639-8653E6A8120A}.Development|Any CPU.Build.0 = Development|Any CPU
		{1149837D-89F1-8471-7639-8653E6A8120A}.Production|Any CPU.ActiveCfg = Production|Any CPU
		{1149837D-89F1-8471-7639-8653E6A8120A}.Production|Any CPU.Build.0 = Production|Any CPU
		{1149837D-89F1-8471-7639-8653E6A8120A}.Release|Any CPU.ActiveCfg = Release|Any CPU
		{1149837D-89F1-8471-7639-8653E6A8120A}.Release|Any CPU.Build.0 = Release|Any CPU
		{1149837D-89F1-8471-7639-8653E6A8120A}.Staging|Any CPU.ActiveCfg = Staging|Any CPU
		{1149837D-89F1-8471-7639-8653E6A8120A}.Staging|Any CPU.Build.0 = Staging|Any CPU
		{7B0A3D09-14A7-E805-2D58-7CEBED6EC628}.Debug|Any CPU.ActiveCfg = Debug|Any CPU
		{7B0A3D09-14A7-E805-2D58-7CEBED6EC628}.Debug|Any CPU.Build.0 = Debug|Any CPU
		{7B0A3D09-14A7-E805-2D58-7CEBED6EC628}.Development|Any CPU.ActiveCfg = Development|Any CPU
		{7B0A3D09-14A7-E805-2D58-7CEBED6EC628}.Development|Any CPU.Build.0 = Development|Any CPU
		{7B0A3D09-14A7-E805-2D58-7CEBED6EC628}.Production|Any CPU.ActiveCfg = Production|Any CPU
		{7B0A3D09-14A7-E805-2D58-7CEBED6EC628}.Production|Any CPU.Build.0 = Production|Any CPU
		{7B0A3D09-14A7-E805-2D58-7CEBED6EC628}.Release|Any CPU.ActiveCfg = Release|Any CPU
		{7B0A3D09-14A7-E805-2D58-7CEBED6EC628}.Release|Any CPU.Build.0 = Release|Any CPU
		{7B0A3D09-14A7-E805-2D58-7CEBED6EC628}.Staging|Any CPU.ActiveCfg = Staging|Any CPU
		{7B0A3D09-14A7-E805-2D58-7CEBED6EC628}.Staging|Any CPU.Build.0 = Staging|Any CPU
		{156C84EF-2697-DCCB-2487-4349C468476E}.Debug|Any CPU.ActiveCfg = Debug|Any CPU
		{156C84EF-2697-DCCB-2487-4349C468476E}.Debug|Any CPU.Build.0 = Debug|Any CPU
		{156C84EF-2697-DCCB-2487-4349C468476E}.Development|Any CPU.ActiveCfg = Development|Any CPU
		{156C84EF-2697-DCCB-2487-4349C468476E}.Development|Any CPU.Build.0 = Development|Any CPU
		{156C84EF-2697-DCCB-2487-4349C468476E}.Production|Any CPU.ActiveCfg = Production|Any CPU
		{156C84EF-2697-DCCB-2487-4349C468476E}.Production|Any CPU.Build.0 = Production|Any CPU
		{156C84EF-2697-DCCB-2487-4349C468476E}.Release|Any CPU.ActiveCfg = Release|Any CPU
		{156C84EF-2697-DCCB-2487-4349C468476E}.Release|Any CPU.Build.0 = Release|Any CPU
		{156C84EF-2697-DCCB-2487-4349C468476E}.Staging|Any CPU.ActiveCfg = Staging|Any CPU
		{156C84EF-2697-DCCB-2487-4349C468476E}.Staging|Any CPU.Build.0 = Staging|Any CPU
		{14A007F4-DA3C-495D-B5CB-5C246645AEEA}.Debug|Any CPU.ActiveCfg = Debug|Any CPU
		{14A007F4-DA3C-495D-B5CB-5C246645AEEA}.Debug|Any CPU.Deploy.0 = Debug|Any CPU
		{14A007F4-DA3C-495D-B5CB-5C246645AEEA}.Development|Any CPU.ActiveCfg = Development|Any CPU
		{14A007F4-DA3C-495D-B5CB-5C246645AEEA}.Development|Any CPU.Deploy.0 = Development|Any CPU
		{14A007F4-DA3C-495D-B5CB-5C246645AEEA}.Production|Any CPU.ActiveCfg = Production|Any CPU
		{14A007F4-DA3C-495D-B5CB-5C246645AEEA}.Production|Any CPU.Deploy.0 = Production|Any CPU
		{14A007F4-DA3C-495D-B5CB-5C246645AEEA}.Release|Any CPU.ActiveCfg = Release|Any CPU
		{14A007F4-DA3C-495D-B5CB-5C246645AEEA}.Release|Any CPU.Deploy.0 = Release|Any CPU
		{14A007F4-DA3C-495D-B5CB-5C246645AEEA}.Staging|Any CPU.ActiveCfg = Staging|Any CPU
		{14A007F4-DA3C-495D-B5CB-5C246645AEEA}.Staging|Any CPU.Deploy.0 = Staging|Any CPU
	EndGlobalSection
	GlobalSection(SolutionProperties) = preSolution
		HideSolutionNode = FALSE
	EndGlobalSection
	GlobalSection(ExtensibilityGlobals) = postSolution
		SolutionGuid = {F5AF86C6-EB35-4E05-8875-DD493A8DD550}
	EndGlobalSection
EndGlobal
